
Microsoft Visual Studio Solution File, Format Version 12.00
# Visual Studio Version 16
VisualStudioVersion = 16.0.33027.164
MinimumVisualStudioVersion = 10.0.40219.1
Project("{FAE04EC0-301F-11D3-BF4B-00C04F79EFBC}") = "WoopCart.Web", "WoopCart.Web\WoopCart.Web.csproj", "{F68EC1DA-5B0A-4F47-B28B-02900A8240C9}"
EndProject
Project("{FAE04EC0-301F-11D3-BF4B-00C04F79EFBC}") = "WoopCart.Web.Tests", "WoopCart.Web.Tests\WoopCart.Web.Tests.csproj", "{804763C2-9C0C-4788-81AE-78D6B1B40DD7}"
EndProject
Global
	GlobalSection(SolutionConfigurationPlatforms) = preSolution
		Debug|Any CPU = Debug|Any CPU
		Release|Any CPU = Release|Any CPU
	EndGlobalSection
	GlobalSection(ProjectConfigurationPlatforms) = postSolution
		{F68EC1DA-5B0A-4F47-B28B-02900A8240C9}.Debug|Any CPU.ActiveCfg = Debug|Any CPU
		{F68EC1DA-5B0A-4F47-B28B-02900A8240C9}.Debug|Any CPU.Build.0 = Debug|Any CPU
		{F68EC1DA-5B0A-4F47-B28B-02900A8240C9}.Release|Any CPU.ActiveCfg = Release|Any CPU
		{F68EC1DA-5B0A-4F47-B28B-02900A8240C9}.Release|Any CPU.Build.0 = Release|Any CPU
		{804763C2-9C0C-4788-81AE-78D6B1B40DD7}.Debug|Any CPU.ActiveCfg = Debug|Any CPU
		{804763C2-9C0C-4788-81AE-78D6B1B40DD7}.Debug|Any CPU.Build.0 = Debug|Any CPU
		{804763C2-9C0C-4788-81AE-78D6B1B40DD7}.Release|Any CPU.ActiveCfg = Release|Any CPU
		{804763C2-9C0C-4788-81AE-78D6B1B40DD7}.Release|Any CPU.Build.0 = Release|Any CPU
	EndGlobalSection
	GlobalSection(SolutionProperties) = preSolution
		HideSolutionNode = FALSE
	EndGlobalSection
	GlobalSection(ExtensibilityGlobals) = postSolution
		SolutionGuid = {82DCB54D-98F5-45D6-80F7-1B554B389C8F}
	EndGlobalSection
EndGlobal
